
Microsoft Visual Studio Solution File, Format Version 12.00
# Visual Studio 15
VisualStudioVersion = 15.0.28010.2016
MinimumVisualStudioVersion = 10.0.40219.1
Project("{8BC9CEB8-8B4A-11D0-8D11-00A0C91BC942}") = "Ray Tracer", "Ray Tracer.vcxproj", "{DB906798-E6D2-4DA7-A551-F8A26E4BDBDD}"
EndProject
Global
	GlobalSection(SolutionConfigurationPlatforms) = preSolution
		Debug|x64 = Debug|x64
		Debug|x86 = Debug|x86
		Release|x64 = Release|x64
		Release|x86 = Release|x86
	EndGlobalSection
	GlobalSection(ProjectConfigurationPlatforms) = postSolution
		{DB906798-E6D2-4DA7-A551-F8A26E4BDBDD}.Debug|x64.ActiveCfg = Debug|x64
		{DB906798-E6D2-4DA7-A551-F8A26E4BDBDD}.Debug|x64.Build.0 = Debug|x64
		{DB906798-E6D2-4DA7-A551-F8A26E4BDBDD}.Debug|x86.ActiveCfg = Debug|Win32
		{DB906798-E6D2-4DA7-A551-F8A26E4BDBDD}.Debug|x86.Build.0 = Debug|Win32
		{DB906798-E6D2-4DA7-A551-F8A26E4BDBDD}.Release|x64.ActiveCfg = Release|x64
		{DB906798-E6D2-4DA7-A551-F8A26E4BDBDD}.Release|x64.Build.0 = Release|x64
		{DB906798-E6D2-4DA7-A551-F8A26E4BDBDD}.Release|x86.ActiveCfg = Release|Win32
		{DB906798-E6D2-4DA7-A551-F8A26E4BDBDD}.Release|x86.Build.0 = Release|Win32
	EndGlobalSection
	GlobalSection(SolutionProperties) = preSolution
		HideSolutionNode = FALSE
	EndGlobalSection
	GlobalSection(ExtensibilityGlobals) = postSolution
		SolutionGuid = {FFD7813C-BA96-4F72-AAD2-8CA8ED5F82EE}
	EndGlobalSection
EndGlobal
